// !$*UTF8*$!
{
	archiveVersion = 1;
	classes = {
	};
	objectVersion = 50;
	objects = {

/* Begin PBXBuildFile section */
		AA37BBF521EEE684005A4042 /* SettingsViewController.swift in Sources */ = {isa = PBXBuildFile; fileRef = AA37BBF421EEE684005A4042 /* SettingsViewController.swift */; };
		AA37BBF721EEE965005A4042 /* constants.swift in Sources */ = {isa = PBXBuildFile; fileRef = AA37BBF621EEE965005A4042 /* constants.swift */; };
		AA3DD49021EB21110007244C /* RadialGradientLayer.swift in Sources */ = {isa = PBXBuildFile; fileRef = AA3DD48D21EB21100007244C /* RadialGradientLayer.swift */; };
		AA3DD49121EB21110007244C /* PathBuilder.swift in Sources */ = {isa = PBXBuildFile; fileRef = AA3DD48E21EB21110007244C /* PathBuilder.swift */; };
		AA3DD49221EB21110007244C /* AnimatedWaveView.swift in Sources */ = {isa = PBXBuildFile; fileRef = AA3DD48F21EB21110007244C /* AnimatedWaveView.swift */; };
		AA61974821E9BEB40069121A /* AppDelegate.swift in Sources */ = {isa = PBXBuildFile; fileRef = AA61974721E9BEB40069121A /* AppDelegate.swift */; };
		AA61974A21E9BEB40069121A /* ViewController.swift in Sources */ = {isa = PBXBuildFile; fileRef = AA61974921E9BEB40069121A /* ViewController.swift */; };
		AA61974D21E9BEB40069121A /* Main.storyboard in Resources */ = {isa = PBXBuildFile; fileRef = AA61974B21E9BEB40069121A /* Main.storyboard */; };
		AA61975221E9BEB60069121A /* LaunchScreen.storyboard in Resources */ = {isa = PBXBuildFile; fileRef = AA61975021E9BEB60069121A /* LaunchScreen.storyboard */; };
		AA61975A21E9C5810069121A /* Display.swift in Sources */ = {isa = PBXBuildFile; fileRef = AA61975921E9C5810069121A /* Display.swift */; };
		AAA9256422002A6400AB15B7 /* NotificationCenter.framework in Frameworks */ = {isa = PBXBuildFile; fileRef = AAA9256322002A6400AB15B7 /* NotificationCenter.framework */; };
		AAA9256722002A6400AB15B7 /* TodayViewController.swift in Sources */ = {isa = PBXBuildFile; fileRef = AAA9256622002A6400AB15B7 /* TodayViewController.swift */; };
		AAA9256A22002A6400AB15B7 /* MainInterface.storyboard in Resources */ = {isa = PBXBuildFile; fileRef = AAA9256822002A6400AB15B7 /* MainInterface.storyboard */; };
		AAA9256E22002A6400AB15B7 /* Truth-O-Meter Widget.appex in Embed App Extensions */ = {isa = PBXBuildFile; fileRef = AAA9256222002A6400AB15B7 /* Truth-O-Meter Widget.appex */; settings = {ATTRIBUTES = (RemoveHeadersOnCopy, ); }; };
		AAA92577220031FA00AB15B7 /* Assets.xcassets in Resources */ = {isa = PBXBuildFile; fileRef = AA61974E21E9BEB60069121A /* Assets.xcassets */; };
		AAA925782200322200AB15B7 /* Assets.xcassets in Resources */ = {isa = PBXBuildFile; fileRef = AA61974E21E9BEB60069121A /* Assets.xcassets */; };
		AAA9257F22004E0500AB15B7 /* BLACK Personal Use.ttf in Resources */ = {isa = PBXBuildFile; fileRef = AAA9257E22004E0500AB15B7 /* BLACK Personal Use.ttf */; };
		AAA9258022004E0500AB15B7 /* BLACK Personal Use.ttf in Resources */ = {isa = PBXBuildFile; fileRef = AAA9257E22004E0500AB15B7 /* BLACK Personal Use.ttf */; };
		AAB1923D21EC7EC500836714 /* UnlimitedUsageProducts.swift in Sources */ = {isa = PBXBuildFile; fileRef = AAB1923C21EC7EC500836714 /* UnlimitedUsageProducts.swift */; };
		AAB1923F21EC9CE500836714 /* IAPHelper.swift in Sources */ = {isa = PBXBuildFile; fileRef = AAB1923E21EC9CE500836714 /* IAPHelper.swift */; };
		AAD927C22205B2F7001C328F /* CustomDisplayViewController.swift in Sources */ = {isa = PBXBuildFile; fileRef = AAD927C12205B2F7001C328F /* CustomDisplayViewController.swift */; };
		AAD927C42205CE79001C328F /* CustomButtonViewController.swift in Sources */ = {isa = PBXBuildFile; fileRef = AAD927C32205CE79001C328F /* CustomButtonViewController.swift */; };
/* End PBXBuildFile section */

/* Begin PBXContainerItemProxy section */
		AAA9256C22002A6400AB15B7 /* PBXContainerItemProxy */ = {
			isa = PBXContainerItemProxy;
			containerPortal = AA61973C21E9BEB40069121A /* Project object */;
			proxyType = 1;
			remoteGlobalIDString = AAA9256122002A6400AB15B7;
			remoteInfo = "Truth-O-Meter Widget";
		};
/* End PBXContainerItemProxy section */

/* Begin PBXCopyFilesBuildPhase section */
		AAA9257222002A6400AB15B7 /* Embed App Extensions */ = {
			isa = PBXCopyFilesBuildPhase;
			buildActionMask = 2147483647;
			dstPath = "";
			dstSubfolderSpec = 13;
			files = (
				AAA9256E22002A6400AB15B7 /* Truth-O-Meter Widget.appex in Embed App Extensions */,
			);
			name = "Embed App Extensions";
			runOnlyForDeploymentPostprocessing = 0;
		};
/* End PBXCopyFilesBuildPhase section */

/* Begin PBXFileReference section */
		AA37BBF421EEE684005A4042 /* SettingsViewController.swift */ = {isa = PBXFileReference; lastKnownFileType = sourcecode.swift; path = SettingsViewController.swift; sourceTree = "<group>"; };
		AA37BBF621EEE965005A4042 /* constants.swift */ = {isa = PBXFileReference; lastKnownFileType = sourcecode.swift; path = constants.swift; sourceTree = "<group>"; };
		AA3DD48D21EB21100007244C /* RadialGradientLayer.swift */ = {isa = PBXFileReference; fileEncoding = 4; lastKnownFileType = sourcecode.swift; path = RadialGradientLayer.swift; sourceTree = "<group>"; };
		AA3DD48E21EB21110007244C /* PathBuilder.swift */ = {isa = PBXFileReference; fileEncoding = 4; lastKnownFileType = sourcecode.swift; path = PathBuilder.swift; sourceTree = "<group>"; };
		AA3DD48F21EB21110007244C /* AnimatedWaveView.swift */ = {isa = PBXFileReference; fileEncoding = 4; lastKnownFileType = sourcecode.swift; path = AnimatedWaveView.swift; sourceTree = "<group>"; };
		AA61974421E9BEB40069121A /* bullshit detector.app */ = {isa = PBXFileReference; explicitFileType = wrapper.application; includeInIndex = 0; path = "bullshit detector.app"; sourceTree = BUILT_PRODUCTS_DIR; };
		AA61974721E9BEB40069121A /* AppDelegate.swift */ = {isa = PBXFileReference; lastKnownFileType = sourcecode.swift; path = AppDelegate.swift; sourceTree = "<group>"; };
		AA61974921E9BEB40069121A /* ViewController.swift */ = {isa = PBXFileReference; lastKnownFileType = sourcecode.swift; path = ViewController.swift; sourceTree = "<group>"; };
		AA61974C21E9BEB40069121A /* Base */ = {isa = PBXFileReference; lastKnownFileType = file.storyboard; name = Base; path = Base.lproj/Main.storyboard; sourceTree = "<group>"; };
		AA61974E21E9BEB60069121A /* Assets.xcassets */ = {isa = PBXFileReference; lastKnownFileType = folder.assetcatalog; path = Assets.xcassets; sourceTree = "<group>"; };
		AA61975121E9BEB60069121A /* Base */ = {isa = PBXFileReference; lastKnownFileType = file.storyboard; name = Base; path = Base.lproj/LaunchScreen.storyboard; sourceTree = "<group>"; };
		AA61975321E9BEB60069121A /* Info.plist */ = {isa = PBXFileReference; lastKnownFileType = text.plist.xml; path = Info.plist; sourceTree = "<group>"; };
		AA61975921E9C5810069121A /* Display.swift */ = {isa = PBXFileReference; lastKnownFileType = sourcecode.swift; path = Display.swift; sourceTree = "<group>"; };
		AAA9256222002A6400AB15B7 /* Truth-O-Meter Widget.appex */ = {isa = PBXFileReference; explicitFileType = "wrapper.app-extension"; includeInIndex = 0; path = "Truth-O-Meter Widget.appex"; sourceTree = BUILT_PRODUCTS_DIR; };
		AAA9256322002A6400AB15B7 /* NotificationCenter.framework */ = {isa = PBXFileReference; lastKnownFileType = wrapper.framework; name = NotificationCenter.framework; path = System/Library/Frameworks/NotificationCenter.framework; sourceTree = SDKROOT; };
		AAA9256622002A6400AB15B7 /* TodayViewController.swift */ = {isa = PBXFileReference; lastKnownFileType = sourcecode.swift; path = TodayViewController.swift; sourceTree = "<group>"; };
		AAA9256922002A6400AB15B7 /* Base */ = {isa = PBXFileReference; lastKnownFileType = file.storyboard; name = Base; path = Base.lproj/MainInterface.storyboard; sourceTree = "<group>"; };
		AAA9256B22002A6400AB15B7 /* Info.plist */ = {isa = PBXFileReference; lastKnownFileType = text.plist.xml; path = Info.plist; sourceTree = "<group>"; };
		AAA9257E22004E0500AB15B7 /* BLACK Personal Use.ttf */ = {isa = PBXFileReference; lastKnownFileType = file; path = "BLACK Personal Use.ttf"; sourceTree = "<group>"; };
		AAB1923C21EC7EC500836714 /* UnlimitedUsageProducts.swift */ = {isa = PBXFileReference; lastKnownFileType = sourcecode.swift; path = UnlimitedUsageProducts.swift; sourceTree = "<group>"; };
		AAB1923E21EC9CE500836714 /* IAPHelper.swift */ = {isa = PBXFileReference; lastKnownFileType = sourcecode.swift; path = IAPHelper.swift; sourceTree = "<group>"; };
		AAD927C12205B2F7001C328F /* CustomDisplayViewController.swift */ = {isa = PBXFileReference; lastKnownFileType = sourcecode.swift; path = CustomDisplayViewController.swift; sourceTree = "<group>"; };
		AAD927C32205CE79001C328F /* CustomButtonViewController.swift */ = {isa = PBXFileReference; lastKnownFileType = sourcecode.swift; path = CustomButtonViewController.swift; sourceTree = "<group>"; };
/* End PBXFileReference section */

/* Begin PBXFrameworksBuildPhase section */
		AA61974121E9BEB40069121A /* Frameworks */ = {
			isa = PBXFrameworksBuildPhase;
			buildActionMask = 2147483647;
			files = (
			);
			runOnlyForDeploymentPostprocessing = 0;
		};
		AAA9255F22002A6400AB15B7 /* Frameworks */ = {
			isa = PBXFrameworksBuildPhase;
			buildActionMask = 2147483647;
			files = (
				AAA9256422002A6400AB15B7 /* NotificationCenter.framework in Frameworks */,
			);
			runOnlyForDeploymentPostprocessing = 0;
		};
/* End PBXFrameworksBuildPhase section */

/* Begin PBXGroup section */
		AA61973B21E9BEB40069121A = {
			isa = PBXGroup;
			children = (
				AA61974621E9BEB40069121A /* bullshit detector */,
				AAA9257A2200416B00AB15B7 /* Font */,
				AAA9256522002A6400AB15B7 /* Truth-O-Meter Widget */,
				AA61974521E9BEB40069121A /* Products */,
				AAB1923921EC7C5100836714 /* Frameworks */,
			);
			sourceTree = "<group>";
		};
		AA61974521E9BEB40069121A /* Products */ = {
			isa = PBXGroup;
			children = (
				AA61974421E9BEB40069121A /* bullshit detector.app */,
				AAA9256222002A6400AB15B7 /* Truth-O-Meter Widget.appex */,
			);
			name = Products;
			sourceTree = "<group>";
		};
		AA61974621E9BEB40069121A /* bullshit detector */ = {
			isa = PBXGroup;
			children = (
				AA61974721E9BEB40069121A /* AppDelegate.swift */,
				AA61974921E9BEB40069121A /* ViewController.swift */,
				AA37BBF421EEE684005A4042 /* SettingsViewController.swift */,
				AA61974B21E9BEB40069121A /* Main.storyboard */,
				AA61974E21E9BEB60069121A /* Assets.xcassets */,
				AA61975021E9BEB60069121A /* LaunchScreen.storyboard */,
				AA61975321E9BEB60069121A /* Info.plist */,
				AA61975921E9C5810069121A /* Display.swift */,
				AA3DD48F21EB21110007244C /* AnimatedWaveView.swift */,
				AA3DD48E21EB21110007244C /* PathBuilder.swift */,
				AA3DD48D21EB21100007244C /* RadialGradientLayer.swift */,
				AAB1923E21EC9CE500836714 /* IAPHelper.swift */,
				AAB1923C21EC7EC500836714 /* UnlimitedUsageProducts.swift */,
				AA37BBF621EEE965005A4042 /* constants.swift */,
				AAD927C12205B2F7001C328F /* CustomDisplayViewController.swift */,
				AAD927C32205CE79001C328F /* CustomButtonViewController.swift */,
			);
			path = "bullshit detector";
			sourceTree = "<group>";
		};
		AAA9256522002A6400AB15B7 /* Truth-O-Meter Widget */ = {
			isa = PBXGroup;
			children = (
				AAA9256622002A6400AB15B7 /* TodayViewController.swift */,
				AAA9256822002A6400AB15B7 /* MainInterface.storyboard */,
				AAA9256B22002A6400AB15B7 /* Info.plist */,
			);
			path = "Truth-O-Meter Widget";
			sourceTree = "<group>";
		};
		AAA9257A2200416B00AB15B7 /* Font */ = {
			isa = PBXGroup;
			children = (
				AAA9257E22004E0500AB15B7 /* BLACK Personal Use.ttf */,
			);
			path = Font;
			sourceTree = "<group>";
		};
		AAB1923921EC7C5100836714 /* Frameworks */ = {
			isa = PBXGroup;
			children = (
				AAA9256322002A6400AB15B7 /* NotificationCenter.framework */,
			);
			name = Frameworks;
			sourceTree = "<group>";
		};
/* End PBXGroup section */

/* Begin PBXNativeTarget section */
		AA61974321E9BEB40069121A /* bullshit detector */ = {
			isa = PBXNativeTarget;
			buildConfigurationList = AA61975621E9BEB60069121A /* Build configuration list for PBXNativeTarget "bullshit detector" */;
			buildPhases = (
				AA61974021E9BEB40069121A /* Sources */,
				AA61974121E9BEB40069121A /* Frameworks */,
				AA61974221E9BEB40069121A /* Resources */,
				AAA9257222002A6400AB15B7 /* Embed App Extensions */,
			);
			buildRules = (
			);
			dependencies = (
				AAA9256D22002A6400AB15B7 /* PBXTargetDependency */,
			);
			name = "bullshit detector";
			productName = "bullshit detector";
			productReference = AA61974421E9BEB40069121A /* bullshit detector.app */;
			productType = "com.apple.product-type.application";
		};
		AAA9256122002A6400AB15B7 /* Truth-O-Meter Widget */ = {
			isa = PBXNativeTarget;
			buildConfigurationList = AAA9257122002A6400AB15B7 /* Build configuration list for PBXNativeTarget "Truth-O-Meter Widget" */;
			buildPhases = (
				AAA9255E22002A6400AB15B7 /* Sources */,
				AAA9255F22002A6400AB15B7 /* Frameworks */,
				AAA9256022002A6400AB15B7 /* Resources */,
			);
			buildRules = (
			);
			dependencies = (
			);
			name = "Truth-O-Meter Widget";
			productName = "Truth-O-Meter Widget";
			productReference = AAA9256222002A6400AB15B7 /* Truth-O-Meter Widget.appex */;
			productType = "com.apple.product-type.app-extension";
		};
/* End PBXNativeTarget section */

/* Begin PBXProject section */
		AA61973C21E9BEB40069121A /* Project object */ = {
			isa = PBXProject;
			attributes = {
				LastSwiftUpdateCheck = 1010;
				LastUpgradeCheck = 1010;
				ORGANIZATIONNAME = "Joachim Neumann";
				TargetAttributes = {
					AA61974321E9BEB40069121A = {
						CreatedOnToolsVersion = 10.1;
						LastSwiftMigration = 1010;
						SystemCapabilities = {
							com.apple.InAppPurchase = {
								enabled = 0;
							};
						};
					};
					AAA9256122002A6400AB15B7 = {
						CreatedOnToolsVersion = 10.1;
					};
				};
			};
			buildConfigurationList = AA61973F21E9BEB40069121A /* Build configuration list for PBXProject "bullshit detector" */;
			compatibilityVersion = "Xcode 9.3";
			developmentRegion = en;
			hasScannedForEncodings = 0;
			knownRegions = (
				en,
				Base,
			);
			mainGroup = AA61973B21E9BEB40069121A;
			productRefGroup = AA61974521E9BEB40069121A /* Products */;
			projectDirPath = "";
			projectRoot = "";
			targets = (
				AA61974321E9BEB40069121A /* bullshit detector */,
				AAA9256122002A6400AB15B7 /* Truth-O-Meter Widget */,
			);
		};
/* End PBXProject section */

/* Begin PBXResourcesBuildPhase section */
		AA61974221E9BEB40069121A /* Resources */ = {
			isa = PBXResourcesBuildPhase;
			buildActionMask = 2147483647;
			files = (
				AA61975221E9BEB60069121A /* LaunchScreen.storyboard in Resources */,
				AAA92577220031FA00AB15B7 /* Assets.xcassets in Resources */,
				AA61974D21E9BEB40069121A /* Main.storyboard in Resources */,
				AAA9257F22004E0500AB15B7 /* BLACK Personal Use.ttf in Resources */,
			);
			runOnlyForDeploymentPostprocessing = 0;
		};
		AAA9256022002A6400AB15B7 /* Resources */ = {
			isa = PBXResourcesBuildPhase;
			buildActionMask = 2147483647;
			files = (
				AAA9258022004E0500AB15B7 /* BLACK Personal Use.ttf in Resources */,
				AAA925782200322200AB15B7 /* Assets.xcassets in Resources */,
				AAA9256A22002A6400AB15B7 /* MainInterface.storyboard in Resources */,
			);
			runOnlyForDeploymentPostprocessing = 0;
		};
/* End PBXResourcesBuildPhase section */

/* Begin PBXSourcesBuildPhase section */
		AA61974021E9BEB40069121A /* Sources */ = {
			isa = PBXSourcesBuildPhase;
			buildActionMask = 2147483647;
			files = (
				AA3DD49021EB21110007244C /* RadialGradientLayer.swift in Sources */,
				AA61974A21E9BEB40069121A /* ViewController.swift in Sources */,
				AA61975A21E9C5810069121A /* Display.swift in Sources */,
				AA37BBF721EEE965005A4042 /* constants.swift in Sources */,
				AA61974821E9BEB40069121A /* AppDelegate.swift in Sources */,
				AAB1923F21EC9CE500836714 /* IAPHelper.swift in Sources */,
				AAD927C42205CE79001C328F /* CustomButtonViewController.swift in Sources */,
				AA3DD49221EB21110007244C /* AnimatedWaveView.swift in Sources */,
				AAD927C22205B2F7001C328F /* CustomDisplayViewController.swift in Sources */,
				AA3DD49121EB21110007244C /* PathBuilder.swift in Sources */,
				AAB1923D21EC7EC500836714 /* UnlimitedUsageProducts.swift in Sources */,
				AA37BBF521EEE684005A4042 /* SettingsViewController.swift in Sources */,
			);
			runOnlyForDeploymentPostprocessing = 0;
		};
		AAA9255E22002A6400AB15B7 /* Sources */ = {
			isa = PBXSourcesBuildPhase;
			buildActionMask = 2147483647;
			files = (
				AAA9256722002A6400AB15B7 /* TodayViewController.swift in Sources */,
			);
			runOnlyForDeploymentPostprocessing = 0;
		};
/* End PBXSourcesBuildPhase section */

/* Begin PBXTargetDependency section */
		AAA9256D22002A6400AB15B7 /* PBXTargetDependency */ = {
			isa = PBXTargetDependency;
			target = AAA9256122002A6400AB15B7 /* Truth-O-Meter Widget */;
			targetProxy = AAA9256C22002A6400AB15B7 /* PBXContainerItemProxy */;
		};
/* End PBXTargetDependency section */

/* Begin PBXVariantGroup section */
		AA61974B21E9BEB40069121A /* Main.storyboard */ = {
			isa = PBXVariantGroup;
			children = (
				AA61974C21E9BEB40069121A /* Base */,
			);
			name = Main.storyboard;
			sourceTree = "<group>";
		};
		AA61975021E9BEB60069121A /* LaunchScreen.storyboard */ = {
			isa = PBXVariantGroup;
			children = (
				AA61975121E9BEB60069121A /* Base */,
			);
			name = LaunchScreen.storyboard;
			sourceTree = "<group>";
		};
		AAA9256822002A6400AB15B7 /* MainInterface.storyboard */ = {
			isa = PBXVariantGroup;
			children = (
				AAA9256922002A6400AB15B7 /* Base */,
			);
			name = MainInterface.storyboard;
			sourceTree = "<group>";
		};
/* End PBXVariantGroup section */

/* Begin XCBuildConfiguration section */
		AA61975421E9BEB60069121A /* Debug */ = {
			isa = XCBuildConfiguration;
			buildSettings = {
				ALWAYS_SEARCH_USER_PATHS = NO;
				CLANG_ANALYZER_NONNULL = YES;
				CLANG_ANALYZER_NUMBER_OBJECT_CONVERSION = YES_AGGRESSIVE;
				CLANG_CXX_LANGUAGE_STANDARD = "gnu++14";
				CLANG_CXX_LIBRARY = "libc++";
				CLANG_ENABLE_MODULES = YES;
				CLANG_ENABLE_OBJC_ARC = YES;
				CLANG_ENABLE_OBJC_WEAK = YES;
				CLANG_WARN_BLOCK_CAPTURE_AUTORELEASING = YES;
				CLANG_WARN_BOOL_CONVERSION = YES;
				CLANG_WARN_COMMA = YES;
				CLANG_WARN_CONSTANT_CONVERSION = YES;
				CLANG_WARN_DEPRECATED_OBJC_IMPLEMENTATIONS = YES;
				CLANG_WARN_DIRECT_OBJC_ISA_USAGE = YES_ERROR;
				CLANG_WARN_DOCUMENTATION_COMMENTS = YES;
				CLANG_WARN_EMPTY_BODY = YES;
				CLANG_WARN_ENUM_CONVERSION = YES;
				CLANG_WARN_INFINITE_RECURSION = YES;
				CLANG_WARN_INT_CONVERSION = YES;
				CLANG_WARN_NON_LITERAL_NULL_CONVERSION = YES;
				CLANG_WARN_OBJC_IMPLICIT_RETAIN_SELF = YES;
				CLANG_WARN_OBJC_LITERAL_CONVERSION = YES;
				CLANG_WARN_OBJC_ROOT_CLASS = YES_ERROR;
				CLANG_WARN_RANGE_LOOP_ANALYSIS = YES;
				CLANG_WARN_STRICT_PROTOTYPES = YES;
				CLANG_WARN_SUSPICIOUS_MOVE = YES;
				CLANG_WARN_UNGUARDED_AVAILABILITY = YES_AGGRESSIVE;
				CLANG_WARN_UNREACHABLE_CODE = YES;
				CLANG_WARN__DUPLICATE_METHOD_MATCH = YES;
				CODE_SIGN_IDENTITY = "iPhone Developer";
				COPY_PHASE_STRIP = NO;
				DEBUG_INFORMATION_FORMAT = dwarf;
				ENABLE_STRICT_OBJC_MSGSEND = YES;
				ENABLE_TESTABILITY = YES;
				GCC_C_LANGUAGE_STANDARD = gnu11;
				GCC_DYNAMIC_NO_PIC = NO;
				GCC_NO_COMMON_BLOCKS = YES;
				GCC_OPTIMIZATION_LEVEL = 0;
				GCC_PREPROCESSOR_DEFINITIONS = (
					"DEBUG=1",
					"$(inherited)",
				);
				GCC_WARN_64_TO_32_BIT_CONVERSION = YES;
				GCC_WARN_ABOUT_RETURN_TYPE = YES_ERROR;
				GCC_WARN_UNDECLARED_SELECTOR = YES;
				GCC_WARN_UNINITIALIZED_AUTOS = YES_AGGRESSIVE;
				GCC_WARN_UNUSED_FUNCTION = YES;
				GCC_WARN_UNUSED_VARIABLE = YES;
				IPHONEOS_DEPLOYMENT_TARGET = 12.1;
				MTL_ENABLE_DEBUG_INFO = INCLUDE_SOURCE;
				MTL_FAST_MATH = YES;
				ONLY_ACTIVE_ARCH = YES;
				SDKROOT = iphoneos;
				SWIFT_ACTIVE_COMPILATION_CONDITIONS = DEBUG;
				SWIFT_OPTIMIZATION_LEVEL = "-Onone";
			};
			name = Debug;
		};
		AA61975521E9BEB60069121A /* Release */ = {
			isa = XCBuildConfiguration;
			buildSettings = {
				ALWAYS_SEARCH_USER_PATHS = NO;
				CLANG_ANALYZER_NONNULL = YES;
				CLANG_ANALYZER_NUMBER_OBJECT_CONVERSION = YES_AGGRESSIVE;
				CLANG_CXX_LANGUAGE_STANDARD = "gnu++14";
				CLANG_CXX_LIBRARY = "libc++";
				CLANG_ENABLE_MODULES = YES;
				CLANG_ENABLE_OBJC_ARC = YES;
				CLANG_ENABLE_OBJC_WEAK = YES;
				CLANG_WARN_BLOCK_CAPTURE_AUTORELEASING = YES;
				CLANG_WARN_BOOL_CONVERSION = YES;
				CLANG_WARN_COMMA = YES;
				CLANG_WARN_CONSTANT_CONVERSION = YES;
				CLANG_WARN_DEPRECATED_OBJC_IMPLEMENTATIONS = YES;
				CLANG_WARN_DIRECT_OBJC_ISA_USAGE = YES_ERROR;
				CLANG_WARN_DOCUMENTATION_COMMENTS = YES;
				CLANG_WARN_EMPTY_BODY = YES;
				CLANG_WARN_ENUM_CONVERSION = YES;
				CLANG_WARN_INFINITE_RECURSION = YES;
				CLANG_WARN_INT_CONVERSION = YES;
				CLANG_WARN_NON_LITERAL_NULL_CONVERSION = YES;
				CLANG_WARN_OBJC_IMPLICIT_RETAIN_SELF = YES;
				CLANG_WARN_OBJC_LITERAL_CONVERSION = YES;
				CLANG_WARN_OBJC_ROOT_CLASS = YES_ERROR;
				CLANG_WARN_RANGE_LOOP_ANALYSIS = YES;
				CLANG_WARN_STRICT_PROTOTYPES = YES;
				CLANG_WARN_SUSPICIOUS_MOVE = YES;
				CLANG_WARN_UNGUARDED_AVAILABILITY = YES_AGGRESSIVE;
				CLANG_WARN_UNREACHABLE_CODE = YES;
				CLANG_WARN__DUPLICATE_METHOD_MATCH = YES;
				CODE_SIGN_IDENTITY = "iPhone Developer";
				COPY_PHASE_STRIP = NO;
				DEBUG_INFORMATION_FORMAT = "dwarf-with-dsym";
				ENABLE_NS_ASSERTIONS = NO;
				ENABLE_STRICT_OBJC_MSGSEND = YES;
				GCC_C_LANGUAGE_STANDARD = gnu11;
				GCC_NO_COMMON_BLOCKS = YES;
				GCC_WARN_64_TO_32_BIT_CONVERSION = YES;
				GCC_WARN_ABOUT_RETURN_TYPE = YES_ERROR;
				GCC_WARN_UNDECLARED_SELECTOR = YES;
				GCC_WARN_UNINITIALIZED_AUTOS = YES_AGGRESSIVE;
				GCC_WARN_UNUSED_FUNCTION = YES;
				GCC_WARN_UNUSED_VARIABLE = YES;
				IPHONEOS_DEPLOYMENT_TARGET = 12.1;
				MTL_ENABLE_DEBUG_INFO = NO;
				MTL_FAST_MATH = YES;
				SDKROOT = iphoneos;
				SWIFT_COMPILATION_MODE = wholemodule;
				SWIFT_OPTIMIZATION_LEVEL = "-O";
				VALIDATE_PRODUCT = YES;
			};
			name = Release;
		};
		AA61975721E9BEB60069121A /* Debug */ = {
			isa = XCBuildConfiguration;
			buildSettings = {
				ALWAYS_EMBED_SWIFT_STANDARD_LIBRARIES = YES;
				ASSETCATALOG_COMPILER_APPICON_NAME = AppIcon;
				CLANG_ENABLE_MODULES = YES;
				CODE_SIGN_IDENTITY = "iPhone Developer";
				CODE_SIGN_STYLE = Automatic;
				DEVELOPMENT_TEAM = 8A4DL788W9;
				INFOPLIST_FILE = "bullshit detector/Info.plist";
				IPHONEOS_DEPLOYMENT_TARGET = 10.0;
				LD_RUNPATH_SEARCH_PATHS = (
					"$(inherited)",
					"@executable_path/Frameworks",
				);
				PRODUCT_BUNDLE_IDENTIFIER = com.joachimneumann.bullshitdetector;
				PRODUCT_NAME = "$(TARGET_NAME)";
				PROVISIONING_PROFILE_SPECIFIER = "";
				SWIFT_OPTIMIZATION_LEVEL = "-Onone";
				SWIFT_VERSION = 4.2;
				TARGETED_DEVICE_FAMILY = "1,2";
			};
			name = Debug;
		};
		AA61975821E9BEB60069121A /* Release */ = {
			isa = XCBuildConfiguration;
			buildSettings = {
				ALWAYS_EMBED_SWIFT_STANDARD_LIBRARIES = YES;
				ASSETCATALOG_COMPILER_APPICON_NAME = AppIcon;
				CLANG_ENABLE_MODULES = YES;
				CODE_SIGN_IDENTITY = "iPhone Developer";
				CODE_SIGN_STYLE = Automatic;
				DEVELOPMENT_TEAM = 8A4DL788W9;
				INFOPLIST_FILE = "bullshit detector/Info.plist";
				IPHONEOS_DEPLOYMENT_TARGET = 10.0;
				LD_RUNPATH_SEARCH_PATHS = (
					"$(inherited)",
					"@executable_path/Frameworks",
				);
				PRODUCT_BUNDLE_IDENTIFIER = com.joachimneumann.bullshitdetector;
				PRODUCT_NAME = "$(TARGET_NAME)";
				PROVISIONING_PROFILE_SPECIFIER = "";
				SWIFT_VERSION = 4.2;
				TARGETED_DEVICE_FAMILY = "1,2";
			};
			name = Release;
		};
		AAA9256F22002A6400AB15B7 /* Debug */ = {
			isa = XCBuildConfiguration;
			buildSettings = {
				CODE_SIGN_IDENTITY = "iPhone Developer";
				CODE_SIGN_STYLE = Automatic;
				DEVELOPMENT_TEAM = 8A4DL788W9;
				INFOPLIST_FILE = "Truth-O-Meter Widget/Info.plist";
				IPHONEOS_DEPLOYMENT_TARGET = 10.0;
				LD_RUNPATH_SEARCH_PATHS = (
					"$(inherited)",
					"@executable_path/Frameworks",
					"@executable_path/../../Frameworks",
				);
				PRODUCT_BUNDLE_IDENTIFIER = "com.joachimneumann.bullshitdetector.Truth-O-Meter-Widget";
				PRODUCT_NAME = "$(TARGET_NAME)";
				SKIP_INSTALL = YES;
				SWIFT_VERSION = 4.2;
				TARGETED_DEVICE_FAMILY = "1,2";
			};
			name = Debug;
		};
		AAA9257022002A6400AB15B7 /* Release */ = {
			isa = XCBuildConfiguration;
			buildSettings = {
				CODE_SIGN_IDENTITY = "iPhone Developer";
				CODE_SIGN_STYLE = Automatic;
				DEVELOPMENT_TEAM = 8A4DL788W9;
				INFOPLIST_FILE = "Truth-O-Meter Widget/Info.plist";
				IPHONEOS_DEPLOYMENT_TARGET = 10.0;
				LD_RUNPATH_SEARCH_PATHS = (
					"$(inherited)",
					"@executable_path/Frameworks",
					"@executable_path/../../Frameworks",
				);
				PRODUCT_BUNDLE_IDENTIFIER = "com.joachimneumann.bullshitdetector.Truth-O-Meter-Widget";
				PRODUCT_NAME = "$(TARGET_NAME)";
				SKIP_INSTALL = YES;
				SWIFT_VERSION = 4.2;
				TARGETED_DEVICE_FAMILY = "1,2";
			};
			name = Release;
		};
/* End XCBuildConfiguration section */

/* Begin XCConfigurationList section */
		AA61973F21E9BEB40069121A /* Build configuration list for PBXProject "bullshit detector" */ = {
			isa = XCConfigurationList;
			buildConfigurations = (
				AA61975421E9BEB60069121A /* Debug */,
				AA61975521E9BEB60069121A /* Release */,
			);
			defaultConfigurationIsVisible = 0;
			defaultConfigurationName = Release;
		};
		AA61975621E9BEB60069121A /* Build configuration list for PBXNativeTarget "bullshit detector" */ = {
			isa = XCConfigurationList;
			buildConfigurations = (
				AA61975721E9BEB60069121A /* Debug */,
				AA61975821E9BEB60069121A /* Release */,
			);
			defaultConfigurationIsVisible = 0;
			defaultConfigurationName = Release;
		};
		AAA9257122002A6400AB15B7 /* Build configuration list for PBXNativeTarget "Truth-O-Meter Widget" */ = {
			isa = XCConfigurationList;
			buildConfigurations = (
				AAA9256F22002A6400AB15B7 /* Debug */,
				AAA9257022002A6400AB15B7 /* Release */,
			);
			defaultConfigurationIsVisible = 0;
			defaultConfigurationName = Release;
		};
/* End XCConfigurationList section */
	};
	rootObject = AA61973C21E9BEB40069121A /* Project object */;
}
